{
  "name": "node-starter",
  "version": "0.0.0",
  "lockfileVersion": 3,
  "requires": true,
  "packages": {
    "": {
      "name": "node-starter",
      "version": "0.0.0",
      "dependencies": {
        "socksv5": "^0.0.6"
      }
    },
    "node_modules/socksv5": {
      "version": "0.0.6",
      "resolved": "https://registry.npmjs.org/socksv5/-/socksv5-0.0.6.tgz",
      "integrity": "sha512-tQpQ0MdNQAsQBDhCXy3OvGGJikh9QOl3PkbwT4POJiQCm/fK4z9AxKQQRG8WLeF6talphnPrSWiZRpTl42rApg==",
      "bundleDependencies": [
        "ipv6"
      ],
      "dependencies": {
        "ipv6": "*"
      },
      "engines": {
        "node": ">=0.10.0"
      }
    }
  }
}
